Microsoft Visual Studio Solution File, Format Version 12.00
# Visual Studio Version 17
VisualStudioVersion = 17.5.2.0
MinimumVisualStudioVersion = 10.0.40219.1
Project("{FAE04EC0-301F-11D3-BF4B-00C04F79EFBC}") = "RestauranteApi", "RestauranteApi\RestauranteApi.csproj", "{CC985D1B-DCCE-2BBE-0912-0E259906745D}"
EndProject
Project("{FAE04EC0-301F-11D3-BF4B-00C04F79EFBC}") = "Domain", "Domain\Domain.csproj", "{784741B8-F726-4BBF-BB86-0EEEF601A2A0}"
EndProject
Project("{FAE04EC0-301F-11D3-BF4B-00C04F79EFBC}") = "Aplication", "Aplication\Aplication.csproj", "{3D463649-FF64-40D0-AE6A-488B1EDBAF46}"
EndProject
Project("{FAE04EC0-301F-11D3-BF4B-00C04F79EFBC}") = "Infraestructure", "Infraestructure\Infraestructure.csproj", "{0A89392A-20FC-4248-80C5-D89776F5CB5C}"
EndProject
Global
	GlobalSection(SolutionConfigurationPlatforms) = preSolution
		Debug|Any CPU = Debug|Any CPU
		Release|Any CPU = Release|Any CPU
	EndGlobalSection
	GlobalSection(ProjectConfigurationPlatforms) = postSolution
		{CC985D1B-DCCE-2BBE-0912-0E259906745D}.Debug|Any CPU.ActiveCfg = Debug|Any CPU
		{CC985D1B-DCCE-2BBE-0912-0E259906745D}.Debug|Any CPU.Build.0 = Debug|Any CPU
		{CC985D1B-DCCE-2BBE-0912-0E259906745D}.Release|Any CPU.ActiveCfg = Release|Any CPU
		{CC985D1B-DCCE-2BBE-0912-0E259906745D}.Release|Any CPU.Build.0 = Release|Any CPU
		{784741B8-F726-4BBF-BB86-0EEEF601A2A0}.Debug|Any CPU.ActiveCfg = Debug|Any CPU
		{784741B8-F726-4BBF-BB86-0EEEF601A2A0}.Debug|Any CPU.Build.0 = Debug|Any CPU
		{784741B8-F726-4BBF-BB86-0EEEF601A2A0}.Release|Any CPU.ActiveCfg = Release|Any CPU
		{784741B8-F726-4BBF-BB86-0EEEF601A2A0}.Release|Any CPU.Build.0 = Release|Any CPU
		{3D463649-FF64-40D0-AE6A-488B1EDBAF46}.Debug|Any CPU.ActiveCfg = Debug|Any CPU
		{3D463649-FF64-40D0-AE6A-488B1EDBAF46}.Debug|Any CPU.Build.0 = Debug|Any CPU
		{3D463649-FF64-40D0-AE6A-488B1EDBAF46}.Release|Any CPU.ActiveCfg = Release|Any CPU
		{3D463649-FF64-40D0-AE6A-488B1EDBAF46}.Release|Any CPU.Build.0 = Release|Any CPU
		{0A89392A-20FC-4248-80C5-D89776F5CB5C}.Debug|Any CPU.ActiveCfg = Debug|Any CPU
		{0A89392A-20FC-4248-80C5-D89776F5CB5C}.Debug|Any CPU.Build.0 = Debug|Any CPU
		{0A89392A-20FC-4248-80C5-D89776F5CB5C}.Release|Any CPU.ActiveCfg = Release|Any CPU
		{0A89392A-20FC-4248-80C5-D89776F5CB5C}.Release|Any CPU.Build.0 = Release|Any CPU
	EndGlobalSection
	GlobalSection(SolutionProperties) = preSolution
		HideSolutionNode = FALSE
	EndGlobalSection
	GlobalSection(ExtensibilityGlobals) = postSolution
		SolutionGuid = {2AD48DFB-0DAE-4CEE-BC04-479DB51FA381}
	EndGlobalSection
EndGlobal
